github.com/aws/aws-sdk-go-v2 v1.25.1 h1:P7hU6A5qEdmajGwvae/zDkOq+ULLC9tQBTwqqiwFGpI=
github.com/aws/aws-sdk-go-v2 v1.25.1/go.mod h1:Evoc5AsmtveRt1komDwIsjHFyrP5tDuF1D1U+6z6pNo=
github.com/aws/aws-sdk-go-v2/credentials v1.17.1 h1:H4WlK2OnVotRmbVgS8Ww2Z4B3/dDHxDS7cW6EiCECN4=
github.com/aws/aws-sdk-go-v2/credentials v1.17.1/go.mod h1:qTfT/OIE9RAVirZDq0PcEYOOM4Pkmf1Hrk1iInKRS4k=
github.com/aws/aws-sdk-go-v2/feature/dynamodb/attributevalue v1.13.4 h1:sLnSupsQ5ca8CFDa/xi+HAku28vRxIuM/W+9IwUoiJk=
github.com/aws/aws-sdk-go-v2/feature/dynamodb/attributevalue v1.13.4/go.mod h1:5uGlXH2LHOccHojUy/Rfr9IlUR6yHRgVfXbWEd1F/R4=
github.com/aws/aws-sdk-go-v2/feature/dynamodb/expression v1.7.3 h1:5ytd7S3vKdB0D94jgoUuNbbQI0oKZRUY8+RpmNuPIhQ=
github.com/aws/aws-sdk-go-v2/feature/dynamodb/expression v1.7.3/go.mod h1:ZfGjd3/rEE4RRVdLQLBshVIRML0JNUkCNmk39prsyTQ=
github.com/aws/aws-sdk-go-v2/internal/configsources v1.3.1 h1:evvi7FbTAoFxdP/mixmP7LIYzQWAmzBcwNB/es9XPNc=
github.com/aws/aws-sdk-go-v2/internal/configsources v1.3.1/go.mod h1:rH61DT6FDdikhPghymripNUCsf+uVF4Cnk4c4DBKH64=
github.com/aws/aws-sdk-go-v2/internal/endpoints/v2 v2.6.1 h1:RAnaIrbxPtlXNVI/OIlh1sidTQ3e1qM6LRjs7N0bE0I=
github.com/aws/aws-sdk-go-v2/internal/endpoints/v2 v2.6.1/go.mod h1:nbgAGkH5lk0RZRMh6A4K/oG6Xj11eC/1CyDow+DUAFI=
github.com/aws/aws-sdk-go-v2/service/dynamodb v1.29.2 h1:pSYpAXHmtAzPEuHRJXlAmX5e71iwWEYsMG4sD7u8OYY=
github.com/aws/aws-sdk-go-v2/service/dynamodb v1.29.2/go.mod h1:H6ktm/kjq2KtbGwnVFMAyOkOwcFfoD0P+SpneVqaa5o=
github.com/aws/aws-sdk-go-v2/service/dynamodbstreams v1.19.3 h1:Cu5DBzRaI0/G+FbXLxxuhWZKZqogCxTHUjl5FQ7WJ9c=
github.com/aws/aws-sdk-go-v2/service/dynamodbstreams v1.19.3/go.mod h1:SW82gLrKb2aRvZWycqs65d6iNGflEkDH+q/K6+vM3RE=
github.com/aws/aws-sdk-go-v2/service/internal/accept-encoding v1.11.1 h1:EyBZibRTVAs6ECHZOw5/wlylS9OcTzwyjeQMudmREjE=
github.com/aws/aws-sdk-go-v2/service/internal/accept-encoding v1.11.1/go.mod h1:JKpmtYhhPs7D97NL/ltqz7yCkERFW5dOlHyVl66ZYF8=
github.com/aws/aws-sdk-go-v2/service/internal/endpoint-discovery v1.9.1 h1:QEot4yoGf6KGY2hAJe7IIP5x51pyRv4cs/x/aKcXMck=
github.com/aws/aws-sdk-go-v2/service/internal/endpoint-discovery v1.9.1/go.mod h1:FVivjmCWEidMuFguqtnXZGoJK/MN+EtoCSEZMEcpGhc=
github.com/aws/smithy-go v1.20.1 h1:4SZlSlMr36UEqC7XOyRVb27XMeZubNcBNN+9IgEPIQw=
github.com/aws/smithy-go v1.20.1/go.mod h1:krry+ya/rV9RDcV/Q16kpu6ypI4K2czasz0NC3qS14E=
github.com/davecgh/go-spew v1.1.0 h1:ZDRjVQ15GmhC3fiQ8ni8+OwkZQO4DARzQgrnXU1Liz8=
github.com/davecgh/go-spew v1.1.0/go.mod h1:J7Y8YcW2NihsgmVo/mv3lAwl/skON4iLHjSsI+c5H38=
github.com/google/go-cmp v0.5.8 h1:e6P7q2lk1O+qJJb4BtCQXlK8vWEO8V1ZeuEdJNOqZyg=
github.com/google/go-cmp v0.5.8/go.mod h1:17dUlkBOakJ0+DkrSSNjCkIjxS6bF9zb3elmeNGIjoY=
github.com/jmespath/go-jmespath v0.4.0 h1:BEgLn5cpjn8UN1mAw4NjwDrS35OdebyEtFe+9YPoQUg=
github.com/jmespath/go-jmespath v0.4.0/go.mod h1:T8mJZnbsbmF+m6zOOFylbeCJqk5+pHWvzYPziyZiYoo=
github.com/jmespath/go-jmespath/internal/testify v1.5.1 h1:shLQSRRSCCPj3f2gpwzGwWFoC7ycTf1rcQZHOlsJ6N8=
github.com/jmespath/go-jmespath/internal/testify v1.5.1/go.mod h1:L3OGu8Wl2/fWfCI6z80xFu9LTZmf1ZRjMHUOPmWr69U=
github.com/pmezard/go-difflib v1.0.0 h1:4DBwDE0NGyQoBHbLQYPwSUPoCMWR5BEzIk/f1lZbAQM=
github.com/pmezard/go-difflib v1.0.0/go.mod h1:iKH77koFhYxTK1pcRnkKkqfTogsbg7gZNVY4sRDYZ/4=
github.com/stretchr/objx v0.1.0/go.mod h1:HFkY916IF+rwdDfMAkV7OtwuqBVzrE8GR6GFx+wExME=
gopkg.in/check.v1 v0.0.0-20161208181325-20d25e280405/go.mod h1:Co6ibVJAznAaIkqp8huTwlJQCZ016jof/cbN4VW5Yz0=
gopkg.in/yaml.v2 v2.2.8/go.mod h1:hI93XBmqTisBFMUTm0b8Fm+jr3Dg1NNxqwp+5A1VGuI=
gopkg.in/yaml.v2 v2.4.0 h1:D8xgwECY7CYvx+Y2n4sBz93Jn9JRvxdiyyo8CTfuKaY=
gopkg.in/yaml.v2 v2.4.0/go.mod h1:RDklbk79AGWmwhnvt/jBztapEOGDOx6ZbXqjP6csGnQ=
