github.com/aws/aws-sdk-go-v2 v1.43.5 h1:yKT5GYnFWhuDo+DqKvE5ZPwVn3RjC4MAeBtZGlh6AVM=
github.com/aws/aws-sdk-go-v2 v1.43.5/go.mod h1:wZjAJppCntyOGgVSmgVTfDyRJK5PHOasO6Wsy8U7Axk=
github.com/aws/aws-sdk-go-v2/credentials v1.19.34 h1:y6GkSmcv5myd1ngrYbGmiLlwQqB6TQhOuN/tbSSuWDY=
github.com/aws/aws-sdk-go-v2/credentials v1.19.34/go.mod h1:w3dTcnDVoQIewjo7JG45hduAToikiIFLC4FIO7fndvw=
github.com/aws/aws-sdk-go-v2/feature/dynamodb/attributevalue v1.20.59 h1:9vzjKvYiyE1l9WrwKtu0GCIEPTQyBa6qIal2eKqi4x4=
github.com/aws/aws-sdk-go-v2/feature/dynamodb/attributevalue v1.20.59/go.mod h1:s1KZxJLHjwdb/PuGLPtlWWSh7SxmnigI1Q/211Y2S/U=
github.com/aws/aws-sdk-go-v2/feature/dynamodb/expression v1.8.59 h1:nFwpUU9dTr7Z69omFP2QSn0giPlxqkoGZoUiIpFws0o=
github.com/aws/aws-sdk-go-v2/feature/dynamodb/expression v1.8.59/go.mod h1:6eKUCbzxUmkLXsNdv7CVE4tCTUld298ZHMffKoAONJo=
github.com/aws/aws-sdk-go-v2/internal/configsources v1.4.35 h1:kzVuGlatQtYinwBJEEyLAbggepCoavosiaHHX9+fD+c=
github.com/aws/aws-sdk-go-v2/internal/configsources v1.4.35/go.mod h1:0yLx0yEI+SfqeJMPvOtIEFoZbiQYXMGszBueiutQyaI=
github.com/aws/aws-sdk-go-v2/internal/endpoints/v2 v2.7.35 h1:WK6CjihTuLisCjSKKbildJ79sGZZgbBz3iNa7VsKIhU=
github.com/aws/aws-sdk-go-v2/internal/endpoints/v2 v2.7.35/go.mod h1:KYleN57luLoe97R7vTnx8PMcVrr9gAcRECtOjl91DNg=
github.com/aws/aws-sdk-go-v2/service/dynamodb v1.63.1 h1:QKBYxujKuCD0QwBfqmrgnuzORIg4r8ODr53bIYI/7lQ=
github.com/aws/aws-sdk-go-v2/service/dynamodb v1.63.1/go.mod h1:ygCTS0/CdRkdwVDKMq1yo0NNsKR1cQCGPDP1iY78FRY=
github.com/aws/aws-sdk-go-v2/service/dynamodbstreams v1.36.4 h1:7A7a50bOwLgIgOQUZ0BOi8hvWNPRAvcC/JPnsAvoZnA=
github.com/aws/aws-sdk-go-v2/service/dynamodbstreams v1.36.4/go.mod h1:TMfQzzsxLxSHSUNGLZ/ymm2X9poKpxgIS3QyuEYkHqs=
github.com/aws/aws-sdk-go-v2/service/internal/accept-encoding v1.13.15 h1:JJLBQxwY+AFwuPAi5ivGc1ChnTdUt4cXMv7e76m2c/Y=
github.com/aws/aws-sdk-go-v2/service/internal/accept-encoding v1.13.15/go.mod h1:lQknBIe78MVL0cQOQDlag8KGflMbMEVFx9mB6O8ENvk=
github.com/aws/aws-sdk-go-v2/service/internal/endpoint-discovery v1.12.13 h1:nAmSoKdE+MqyoA/U7279w/C2oT5C8yfFFqr6hgjM/fs=
github.com/aws/aws-sdk-go-v2/service/internal/endpoint-discovery v1.12.13/go.mod h1:wZqx4Cfe2bX1QRclO6kCX1ZX1fJf2qLmJ22bjbwm2iY=
github.com/aws/smithy-go v1.27.7 h1:Zgj5z4LfcDYoQIVk+n/yGdTkP/2y6ZT5vYxe0fp7bqE=
github.com/aws/smithy-go v1.27.7/go.mod h1:YE2RhdIuDbA5E5bTdciG9KrW3+TiEONeUWCqxX9i1Fc=
