github.com/aws/aws-sdk-go-v2 v1.36.4 h1:GySzjhVvx0ERP6eyfAbAuAXLtAda5TEy19E5q5W8I9E=
github.com/aws/aws-sdk-go-v2 v1.36.4/go.mod h1:LLXuLpgzEbD766Z5ECcRmi8AzSwfZItDtmABVkRLGzg=
github.com/aws/aws-sdk-go-v2/credentials v1.17.68 h1:cFb9yjI02/sWHBSYXAtkamjzCuRymvmeFmt0TC0MbYY=
github.com/aws/aws-sdk-go-v2/credentials v1.17.68/go.mod h1:H6E+jBzyqUu8u0vGaU6POkK3P0NylYEeRZ6ynBpMqIk=
github.com/aws/aws-sdk-go-v2/feature/dynamodb/attributevalue v1.19.1 h1:sdARjwLqa00r8wDbheWAR4IoxpB4nUmrr7Ju6IuRzZs=
github.com/aws/aws-sdk-go-v2/feature/dynamodb/attributevalue v1.19.1/go.mod h1:PXVXllj6LAt1swnPlFyXWJNkQaVYTq91Zy1sVJ/mlRU=
github.com/aws/aws-sdk-go-v2/feature/dynamodb/expression v1.7.83 h1:R/tTjwmJWHWRGqAsCGYRgBQ3yBdMK528oUEYhw/hXJs=
github.com/aws/aws-sdk-go-v2/feature/dynamodb/expression v1.7.83/go.mod h1:fki22n1vjqj0x5NdNL/Iwi8jEkQBqti6upSouccDg9A=
github.com/aws/aws-sdk-go-v2/internal/configsources v1.3.34 h1:ZK5jHhnrioRkUNOc+hOgQKlUL5JeC3S6JgLxtQ+Rm0Q=
github.com/aws/aws-sdk-go-v2/internal/configsources v1.3.34/go.mod h1:p4VfIceZokChbA9FzMbRGz5OV+lekcVtHlPKEO0gSZY=
github.com/aws/aws-sdk-go-v2/internal/endpoints/v2 v2.6.34 h1:SZwFm17ZUNNg5Np0ioo/gq8Mn6u9w19Mri8DnJ15Jf0=
github.com/aws/aws-sdk-go-v2/internal/endpoints/v2 v2.6.34/go.mod h1:dFZsC0BLo346mvKQLWmoJxT+Sjp+qcVR1tRVHQGOH9Q=
github.com/aws/aws-sdk-go-v2/service/dynamodb v1.43.2 h1:bjp0bB5k3MQ9diYqjV1/ocHZHdTnoKSqQRa2s5B+648=
github.com/aws/aws-sdk-go-v2/service/dynamodb v1.43.2/go.mod h1:yYaWRnVSPyAmexW5t7G3TcuYoalYfT+xQwzWsvtUQ7M=
github.com/aws/aws-sdk-go-v2/service/dynamodbstreams v1.25.4 h1:cCiS9rFj+0Q5YqxAkwGyInir8S6jl8VyAxCIKhyNlDs=
github.com/aws/aws-sdk-go-v2/service/dynamodbstreams v1.25.4/go.mod h1:lUqWdw5/esjPTkITXhN4C66o1ltwDq2qQ12j3SOzhVg=
github.com/aws/aws-sdk-go-v2/service/internal/accept-encoding v1.12.3 h1:eAh2A4b5IzM/lum78bZ590jy36+d/aFLgKF/4Vd1xPE=
github.com/aws/aws-sdk-go-v2/service/internal/accept-encoding v1.12.3/go.mod h1:0yKJC/kb8sAnmlYa6Zs3QVYqaC8ug2AbnNChv5Ox3uA=
github.com/aws/aws-sdk-go-v2/service/internal/endpoint-discovery v1.10.16 h1:TLsOzHW9zlJoMgjcKQI/7bolyv/DL0796y4NigWgaw8=
github.com/aws/aws-sdk-go-v2/service/internal/endpoint-discovery v1.10.16/go.mod h1:mNoiR5qsO9TxXZ6psjjQ3M+Zz7hURFTumXHF+UKjyAU=
github.com/aws/smithy-go v1.22.3 h1:Z//5NuZCSW6R4PhQ93hShNbyBbn8BWCmCVCt+Q8Io5k=
github.com/aws/smithy-go v1.22.3/go.mod h1:t1ufH5HMublsJYulve2RKmHDC15xu1f26kHCp/HgceI=
