cirello.io/dynamolock v1.3.1 h1:6yFrQA0lzs8r6rqv8Z8Gmqc+Vu9HJ6g6K7K6iYjwDh8=
cirello.io/dynamolock v1.3.1/go.mod h1:fN+6SmAi3x5I/Ou5hRi4lLBSk+y4gNA/Le7okMEURM8=
github.com/BurntSushi/toml v0.3.1/go.mod h1:xHWCNGjB5oqiDr8zfno3MHue2Ht5sIBksp03qcyfWMU=
github.com/aws/aws-sdk-go v1.23.7/go.mod h1:KmX6BPdI08NWTb3/sm4ZGu5ShLoqVDhKgpiN924inxo=
github.com/aws/aws-sdk-go v1.23.13 h1:l/NG+mgQFRGG3dsFzEj0jw9JIs/zYdtU6MXhY1WIDmM=
github.com/aws/aws-sdk-go v1.23.13/go.mod h1:KmX6BPdI08NWTb3/sm4ZGu5ShLoqVDhKgpiN924inxo=
github.com/aws/aws-sdk-go-v2 v1.8.0 h1:HcN6yDnHV9S7D69E7To0aUppJhiJNEzQSNcUxc7r3qo=
github.com/aws/aws-sdk-go-v2 v1.8.0/go.mod h1:xEFuWz+3TYdlPRuo+CqATbeDWIWyaT5uAPwPaWtgse0=
github.com/aws/aws-sdk-go-v2/config v1.6.0 h1:rtoCnNObhVm7me+v9sA2aY+NtHNZjjWWC3ifXVci+wE=
github.com/aws/aws-sdk-go-v2/config v1.6.0/go.mod h1:TNtBVmka80lRPk5+S9ZqVfFszOQAGJJ9KbT3EM3CHNU=
github.com/aws/aws-sdk-go-v2/credentials v1.3.2 h1:Uud/fZzm0lqqhE8kvXYJFAJ3PGnagKoUcvHq1hXfBZw=
github.com/aws/aws-sdk-go-v2/credentials v1.3.2/go.mod h1:PACKuTJdt6AlXvEq8rFI4eDmoqDFC5DpVKQbWysaDgM=
github.com/aws/aws-sdk-go-v2/feature/dynamodb/attributevalue v1.1.4/go.mod h1:BalixXTxmldrOnuBmxMcsCB5USo3bCV+hIJKhZrJ8Xw=
github.com/aws/aws-sdk-go-v2/feature/dynamodb/expression v1.2.0/go.mod h1:NIJIKzOJun28dr/RnzgsTJuUy9CxPqlTAtMjRC8VI6c=
github.com/aws/aws-sdk-go-v2/feature/ec2/imds v1.4.0 h1:SGqDJun6tydgsSIFxv9+EYBJVqVUwg2QMJp6PbNq8C8=
github.com/aws/aws-sdk-go-v2/feature/ec2/imds v1.4.0/go.mod h1:Mj/U8OpDbcVcoctrYwA2bak8k/HFPdcLzI/vaiXMwuM=
github.com/aws/aws-sdk-go-v2/internal/configsources v1.0.2 h1:XoUsttt4QDoLc6w2jfcpagdViP3SxOcNB4ufMzJqncI=
github.com/aws/aws-sdk-go-v2/internal/configsources v1.0.2/go.mod h1:1QsSZvLUuaQ6VJsCXolYCEzV0mVBkNBp64pIJy9yRks=
github.com/aws/aws-sdk-go-v2/internal/ini v1.2.0 h1:xu45foJnwMwBqSkIMKyJP9kbyHi5hdhZ/WiJ7D2sHZ0=
github.com/aws/aws-sdk-go-v2/internal/ini v1.2.0/go.mod h1:Q5jATQc+f1MfZp3PDMhn6ry18hGvE0i8yvbXoKbnZaE=
github.com/aws/aws-sdk-go-v2/service/dynamodb v1.4.2 h1:mo/E52/IcNw4VfQyfa1ow7q1pm/976R+G+lwiXSoeZU=
github.com/aws/aws-sdk-go-v2/service/dynamodb v1.4.2/go.mod h1:CBVwmgiHX9hzS8rySIXhIOr8v5TrFvwBvNP8aXEC1JM=
github.com/aws/aws-sdk-go-v2/service/dynamodbstreams v1.3.2/go.mod h1:RSAQ3CTKssm3sYMlmElRGJBq0gtok7gd3EXDBblAvsk=
github.com/aws/aws-sdk-go-v2/service/internal/accept-encoding v1.2.2 h1:YcGVEqLQGHDa81776C3daai6ZkkRGf/8RAQ07hV0QcU=
github.com/aws/aws-sdk-go-v2/service/internal/accept-encoding v1.2.2/go.mod h1:EASdTcM1lGhUe1/p4gkojHwlGJkeoRjjr1sRCzup3Is=
github.com/aws/aws-sdk-go-v2/service/internal/endpoint-discovery v1.0.2 h1:aOHBhDyx7yZb+nabCx1GKA2dFzPPtqXbXHSnL/HjPko=
github.com/aws/aws-sdk-go-v2/service/internal/endpoint-discovery v1.0.2/go.mod h1:Gej5xRE+MK0r35OnxJJ07iqQ5JC1avTW/4MwGfsC2io=
github.com/aws/aws-sdk-go-v2/service/internal/presigned-url v1.2.2 h1:Xv1rGYgsRRn0xw9JFNnfpBMZam54PrWpC4rJOJ9koA8=
github.com/aws/aws-sdk-go-v2/service/internal/presigned-url v1.2.2/go.mod h1:NXmNI41bdEsJMrD0v9rUvbGCB5GwdBEpKvUvIY3vTFg=
github.com/aws/aws-sdk-go-v2/service/sso v1.3.2 h1:b+U3WrF9ON3f32FH19geqmiod4uKcMv/q+wosQjjyyM=
github.com/aws/aws-sdk-go-v2/service/sso v1.3.2/go.mod h1:J21I6kF+d/6XHVk7kp/cx9YVD2TMD2TbLwtRGVcinXo=
github.com/aws/aws-sdk-go-v2/service/sts v1.6.1 h1:1Pls85C5CFjhE3aH+h85/hyAk89kQNlAWlEQtIkaFyc=
github.com/aws/aws-sdk-go-v2/service/sts v1.6.1/go.mod h1:hLZ/AnkIKHLuPGjEiyghNEdvJ2PP0MgOxcmv9EBJ4xs=
github.com/aws/smithy-go v1.7.0 h1:+cLHMRrDZvQ4wk+KuQ9yH6eEg6KZEJ9RI2IkDqnygCg=
github.com/aws/smithy-go v1.7.0/go.mod h1:SObp3lf9smib00L/v3U2eAKG8FyQ7iLrJnQiAmR5n+E=
github.com/davecgh/go-spew v1.1.0/go.mod h1:J7Y8YcW2NihsgmVo/mv3lAwl/skON4iLHjSsI+c5H38=
github.com/davecgh/go-spew v1.1.1 h1:vj9j/u1bqnvCEfJOwUhtlOARqs3+rkHYY13jYWTU97c=
github.com/davecgh/go-spew v1.1.1/go.mod h1:J7Y8YcW2NihsgmVo/mv3lAwl/skON4iLHjSsI+c5H38=
github.com/google/go-cmp v0.5.4/go.mod h1:v8dTdLbMG2kIc/vJvl+f65V22dbkXbowE6jgT/gNBxE=
github.com/google/go-cmp v0.5.6/go.mod h1:v8dTdLbMG2kIc/vJvl+f65V22dbkXbowE6jgT/gNBxE=
github.com/jmespath/go-jmespath v0.0.0-20180206201540-c2b33e8439af/go.mod h1:Nht3zPeWKUH0NzdCt2Blrr5ys8VGpn0CEB0cQHVjt7k=
github.com/jmespath/go-jmespath v0.4.0 h1:BEgLn5cpjn8UN1mAw4NjwDrS35OdebyEtFe+9YPoQUg=
github.com/jmespath/go-jmespath v0.4.0/go.mod h1:T8mJZnbsbmF+m6zOOFylbeCJqk5+pHWvzYPziyZiYoo=
github.com/jmespath/go-jmespath/internal/testify v1.5.1 h1:shLQSRRSCCPj3f2gpwzGwWFoC7ycTf1rcQZHOlsJ6N8=
github.com/jmespath/go-jmespath/internal/testify v1.5.1/go.mod h1:L3OGu8Wl2/fWfCI6z80xFu9LTZmf1ZRjMHUOPmWr69U=
github.com/pmezard/go-difflib v1.0.0 h1:4DBwDE0NGyQoBHbLQYPwSUPoCMWR5BEzIk/f1lZbAQM=
github.com/pmezard/go-difflib v1.0.0/go.mod h1:iKH77koFhYxTK1pcRnkKkqfTogsbg7gZNVY4sRDYZ/4=
github.com/stretchr/objx v0.1.0/go.mod h1:HFkY916IF+rwdDfMAkV7OtwuqBVzrE8GR6GFx+wExME=
github.com/stretchr/testify v1.2.2/go.mod h1:a8OnRcib4nhh0OaRAV+Yts87kKdq0PP7pXfy6kDkUVs=
github.com/urfave/cli v1.21.0 h1:wYSSj06510qPIzGSua9ZqsncMmWE3Zr55KBERygyrxE=
github.com/urfave/cli v1.21.0/go.mod h1:lxDj6qX9Q6lWQxIrbrT0nwecwUtRnhVZAJjJZrVUZZQ=
golang.org/x/net v0.0.0-20180911220305-26e67e76b6c3 h1:czFLhve3vsQetD6JOJ8NZZvGQIXlnN3/yXxbT6/awxI=
golang.org/x/net v0.0.0-20180911220305-26e67e76b6c3/go.mod h1:mL1N/T3taQHkDXs73rZJwtUhF3w3ftmwwsq0BUmARs4=
golang.org/x/text v0.3.0 h1:g61tztE5qeGQ89tm6NTjjM9VPIm088od1l6aSorWRWg=
golang.org/x/text v0.3.0/go.mod h1:NqM8EUOU14njkJ3fqMW+pc6Ldnwhi/IjpwHt7yyuwOQ=
golang.org/x/xerrors v0.0.0-20191204190536-9bdfabe68543/go.mod h1:I/5z698sn9Ka8TeJc9MKroUUfqBBauWjQqLJ2OPfmY0=
gopkg.in/check.v1 v0.0.0-20161208181325-20d25e280405 h1:yhCVgyC4o1eVCa2tZl7eS0r+SDo693bJlVdllGtEeKM=
gopkg.in/check.v1 v0.0.0-20161208181325-20d25e280405/go.mod h1:Co6ibVJAznAaIkqp8huTwlJQCZ016jof/cbN4VW5Yz0=
gopkg.in/yaml.v2 v2.2.2/go.mod h1:hI93XBmqTisBFMUTm0b8Fm+jr3Dg1NNxqwp+5A1VGuI=
gopkg.in/yaml.v2 v2.2.8 h1:obN1ZagJSUGI0Ek/LBmuj4SNLPfIny3KsKFopxRdj10=
gopkg.in/yaml.v2 v2.2.8/go.mod h1:hI93XBmqTisBFMUTm0b8Fm+jr3Dg1NNxqwp+5A1VGuI=
